// !$*UTF8*$!
{
	archiveVersion = 1;
	classes = {
	};
	objectVersion = 46;
	objects = {

/* Begin PBXBuildFile section */
		68FFECE3381D7B1482F6D8B2 /* Pods_EasyGalleryTests.framework in Frameworks */ = {isa = PBXBuildFile; fileRef = 25B3EA0969F2F85B8BA29B61 /* Pods_EasyGalleryTests.framework */; };
		9618F2BE1EE7285400385B83 /* PaintingCollectionViewCell.swift in Sources */ = {isa = PBXBuildFile; fileRef = 9618F2BD1EE7285400385B83 /* PaintingCollectionViewCell.swift */; };
		9618F2C01EE7297E00385B83 /* Extensions.swift in Sources */ = {isa = PBXBuildFile; fileRef = 9618F2BF1EE7297E00385B83 /* Extensions.swift */; };
		9618F2C21EE7E7D000385B83 /* AddPaintingViewController.swift in Sources */ = {isa = PBXBuildFile; fileRef = 9618F2C11EE7E7D000385B83 /* AddPaintingViewController.swift */; };
		9691C6981EE69594008792E1 /* Preferences.swift in Sources */ = {isa = PBXBuildFile; fileRef = 9691C6971EE69594008792E1 /* Preferences.swift */; };
		9691C69B1EE69B51008792E1 /* PaintingsViewController.swift in Sources */ = {isa = PBXBuildFile; fileRef = 9691C69A1EE69B51008792E1 /* PaintingsViewController.swift */; };
		9691C69D1EE69F68008792E1 /* Painting.swift in Sources */ = {isa = PBXBuildFile; fileRef = 9691C69C1EE69F68008792E1 /* Painting.swift */; };
		96EF153A1ED8480500FCE739 /* AppDelegate.swift in Sources */ = {isa = PBXBuildFile; fileRef = 96EF15391ED8480500FCE739 /* AppDelegate.swift */; };
		96EF153C1ED8480500FCE739 /* LoginViewController.swift in Sources */ = {isa = PBXBuildFile; fileRef = 96EF153B1ED8480500FCE739 /* LoginViewController.swift */; };
		96EF153F1ED8480500FCE739 /* Main.storyboard in Resources */ = {isa = PBXBuildFile; fileRef = 96EF153D1ED8480500FCE739 /* Main.storyboard */; };
		96EF15411ED8480500FCE739 /* Assets.xcassets in Resources */ = {isa = PBXBuildFile; fileRef = 96EF15401ED8480500FCE739 /* Assets.xcassets */; };
		96EF15441ED8480500FCE739 /* LaunchScreen.storyboard in Resources */ = {isa = PBXBuildFile; fileRef = 96EF15421ED8480500FCE739 /* LaunchScreen.storyboard */; };
		96EF154F1ED8480500FCE739 /* EasyGalleryTests.swift in Sources */ = {isa = PBXBuildFile; fileRef = 96EF154E1ED8480500FCE739 /* EasyGalleryTests.swift */; };
		96EF155A1ED8480500FCE739 /* EasyGalleryUITests.swift in Sources */ = {isa = PBXBuildFile; fileRef = 96EF15591ED8480500FCE739 /* EasyGalleryUITests.swift */; };
		96EF15691ED988A300FCE739 /* GoogleService-Info.plist in Resources */ = {isa = PBXBuildFile; fileRef = 96EF15681ED988A300FCE739 /* GoogleService-Info.plist */; };
		96EF156B1ED98E5E00FCE739 /* RegisterViewController.swift in Sources */ = {isa = PBXBuildFile; fileRef = 96EF156A1ED98E5E00FCE739 /* RegisterViewController.swift */; };
		96EF156D1ED9909D00FCE739 /* ForgottenPasswordViewController.swift in Sources */ = {isa = PBXBuildFile; fileRef = 96EF156C1ED9909D00FCE739 /* ForgottenPasswordViewController.swift */; };
		AEC0108DEB0921F85D90CB6D /* Pods_EasyGallery.framework in Frameworks */ = {isa = PBXBuildFile; fileRef = 1E55AA18D3E6637349E8976F /* Pods_EasyGallery.framework */; };
		E71D3DF575379C10A4A3859B /* Pods_EasyGalleryUITests.framework in Frameworks */ = {isa = PBXBuildFile; fileRef = F59839C246846FC9945903B4 /* Pods_EasyGalleryUITests.framework */; };
/* End PBXBuildFile section */

/* Begin PBXContainerItemProxy section */
		96EF154B1ED8480500FCE739 /* PBXContainerItemProxy */ = {
			isa = PBXContainerItemProxy;
			containerPortal = 96EF152E1ED8480500FCE739 /* Project object */;
			proxyType = 1;
			remoteGlobalIDString = 96EF15351ED8480500FCE739;
			remoteInfo = EasyGallery;
		};
		96EF15561ED8480500FCE739 /* PBXContainerItemProxy */ = {
			isa = PBXContainerItemProxy;
			containerPortal = 96EF152E1ED8480500FCE739 /* Project object */;
			proxyType = 1;
			remoteGlobalIDString = 96EF15351ED8480500FCE739;
			remoteInfo = EasyGallery;
		};
/* End PBXContainerItemProxy section */

/* Begin PBXFileReference section */
		1E55AA18D3E6637349E8976F /* Pods_EasyGallery.framework */ = {isa = PBXFileReference; explicitFileType = wrapper.framework; includeInIndex = 0; path = Pods_EasyGallery.framework; sourceTree = BUILT_PRODUCTS_DIR; };
		25B3EA0969F2F85B8BA29B61 /* Pods_EasyGalleryTests.framework */ = {isa = PBXFileReference; explicitFileType = wrapper.framework; includeInIndex = 0; path = Pods_EasyGalleryTests.framework; sourceTree = BUILT_PRODUCTS_DIR; };
		3A7E50173586FA351572C523 /* Pods-EasyGallery.debug.xcconfig */ = {isa = PBXFileReference; includeInIndex = 1; lastKnownFileType = text.xcconfig; name = "Pods-EasyGallery.debug.xcconfig"; path = "Pods/Target Support Files/Pods-EasyGallery/Pods-EasyGallery.debug.xcconfig"; sourceTree = "<group>"; };
		88F1846DC6235D49A85D0657 /* Pods-EasyGalleryTests.release.xcconfig */ = {isa = PBXFileReference; includeInIndex = 1; lastKnownFileType = text.xcconfig; name = "Pods-EasyGalleryTests.release.xcconfig"; path = "Pods/Target Support Files/Pods-EasyGalleryTests/Pods-EasyGalleryTests.release.xcconfig"; sourceTree = "<group>"; };
		9618F2BD1EE7285400385B83 /* PaintingCollectionViewCell.swift */ = {isa = PBXFileReference; fileEncoding = 4; lastKnownFileType = sourcecode.swift; path = PaintingCollectionViewCell.swift; sourceTree = "<group>"; };
		9618F2BF1EE7297E00385B83 /* Extensions.swift */ = {isa = PBXFileReference; fileEncoding = 4; lastKnownFileType = sourcecode.swift; path = Extensions.swift; sourceTree = "<group>"; };
		9618F2C11EE7E7D000385B83 /* AddPaintingViewController.swift */ = {isa = PBXFileReference; fileEncoding = 4; lastKnownFileType = sourcecode.swift; path = AddPaintingViewController.swift; sourceTree = "<group>"; };
		9691C6971EE69594008792E1 /* Preferences.swift */ = {isa = PBXFileReference; fileEncoding = 4; lastKnownFileType = sourcecode.swift; path = Preferences.swift; sourceTree = "<group>"; };
		9691C69A1EE69B51008792E1 /* PaintingsViewController.swift */ = {isa = PBXFileReference; fileEncoding = 4; lastKnownFileType = sourcecode.swift; path = PaintingsViewController.swift; sourceTree = "<group>"; };
		9691C69C1EE69F68008792E1 /* Painting.swift */ = {isa = PBXFileReference; fileEncoding = 4; lastKnownFileType = sourcecode.swift; path = Painting.swift; sourceTree = "<group>"; };
		96EF15361ED8480500FCE739 /* EasyGallery.app */ = {isa = PBXFileReference; explicitFileType = wrapper.application; includeInIndex = 0; path = EasyGallery.app; sourceTree = BUILT_PRODUCTS_DIR; };
		96EF15391ED8480500FCE739 /* AppDelegate.swift */ = {isa = PBXFileReference; lastKnownFileType = sourcecode.swift; path = AppDelegate.swift; sourceTree = "<group>"; };
		96EF153B1ED8480500FCE739 /* LoginViewController.swift */ = {isa = PBXFileReference; lastKnownFileType = sourcecode.swift; path = LoginViewController.swift; sourceTree = "<group>"; };
		96EF153E1ED8480500FCE739 /* Base */ = {isa = PBXFileReference; lastKnownFileType = file.storyboard; name = Base; path = Base.lproj/Main.storyboard; sourceTree = "<group>"; };
		96EF15401ED8480500FCE739 /* Assets.xcassets */ = {isa = PBXFileReference; lastKnownFileType = folder.assetcatalog; path = Assets.xcassets; sourceTree = "<group>"; };
		96EF15431ED8480500FCE739 /* Base */ = {isa = PBXFileReference; lastKnownFileType = file.storyboard; name = Base; path = Base.lproj/LaunchScreen.storyboard; sourceTree = "<group>"; };
		96EF15451ED8480500FCE739 /* Info.plist */ = {isa = PBXFileReference; lastKnownFileType = text.plist.xml; path = Info.plist; sourceTree = "<group>"; };
		96EF154A1ED8480500FCE739 /* EasyGalleryTests.xctest */ = {isa = PBXFileReference; explicitFileType = wrapper.cfbundle; includeInIndex = 0; path = EasyGalleryTests.xctest; sourceTree = BUILT_PRODUCTS_DIR; };
		96EF154E1ED8480500FCE739 /* EasyGalleryTests.swift */ = {isa = PBXFileReference; lastKnownFileType = sourcecode.swift; path = EasyGalleryTests.swift; sourceTree = "<group>"; };
		96EF15501ED8480500FCE739 /* Info.plist */ = {isa = PBXFileReference; lastKnownFileType = text.plist.xml; path = Info.plist; sourceTree = "<group>"; };
		96EF15551ED8480500FCE739 /* EasyGalleryUITests.xctest */ = {isa = PBXFileReference; explicitFileType = wrapper.cfbundle; includeInIndex = 0; path = EasyGalleryUITests.xctest; sourceTree = BUILT_PRODUCTS_DIR; };
		96EF15591ED8480500FCE739 /* EasyGalleryUITests.swift */ = {isa = PBXFileReference; lastKnownFileType = sourcecode.swift; path = EasyGalleryUITests.swift; sourceTree = "<group>"; };
		96EF155B1ED8480500FCE739 /* Info.plist */ = {isa = PBXFileReference; lastKnownFileType = text.plist.xml; path = Info.plist; sourceTree = "<group>"; };
		96EF15681ED988A300FCE739 /* GoogleService-Info.plist */ = {isa = PBXFileReference; fileEncoding = 4; lastKnownFileType = text.plist.xml; path = "GoogleService-Info.plist"; sourceTree = "<group>"; };
		96EF156A1ED98E5E00FCE739 /* RegisterViewController.swift */ = {isa = PBXFileReference; fileEncoding = 4; lastKnownFileType = sourcecode.swift; path = RegisterViewController.swift; sourceTree = "<group>"; };
		96EF156C1ED9909D00FCE739 /* ForgottenPasswordViewController.swift */ = {isa = PBXFileReference; fileEncoding = 4; lastKnownFileType = sourcecode.swift; path = ForgottenPasswordViewController.swift; sourceTree = "<group>"; };
		B40FD6541AC804EF6F0E6735 /* Pods-EasyGalleryUITests.debug.xcconfig */ = {isa = PBXFileReference; includeInIndex = 1; lastKnownFileType = text.xcconfig; name = "Pods-EasyGalleryUITests.debug.xcconfig"; path = "Pods/Target Support Files/Pods-EasyGalleryUITests/Pods-EasyGalleryUITests.debug.xcconfig"; sourceTree = "<group>"; };
		C2D4E4DAE3B882ED15740E91 /* Pods-EasyGallery.release.xcconfig */ = {isa = PBXFileReference; includeInIndex = 1; lastKnownFileType = text.xcconfig; name = "Pods-EasyGallery.release.xcconfig"; path = "Pods/Target Support Files/Pods-EasyGallery/Pods-EasyGallery.release.xcconfig"; sourceTree = "<group>"; };
		C355E5B973E9D868EEA69F48 /* Pods-EasyGalleryUITests.release.xcconfig */ = {isa = PBXFileReference; includeInIndex = 1; lastKnownFileType = text.xcconfig; name = "Pods-EasyGalleryUITests.release.xcconfig"; path = "Pods/Target Support Files/Pods-EasyGalleryUITests/Pods-EasyGalleryUITests.release.xcconfig"; sourceTree = "<group>"; };
		E0F7849728CDBB8146E55166 /* Pods-EasyGalleryTests.debug.xcconfig */ = {isa = PBXFileReference; includeInIndex = 1; lastKnownFileType = text.xcconfig; name = "Pods-EasyGalleryTests.debug.xcconfig"; path = "Pods/Target Support Files/Pods-EasyGalleryTests/Pods-EasyGalleryTests.debug.xcconfig"; sourceTree = "<group>"; };
		F59839C246846FC9945903B4 /* Pods_EasyGalleryUITests.framework */ = {isa = PBXFileReference; explicitFileType = wrapper.framework; includeInIndex = 0; path = Pods_EasyGalleryUITests.framework; sourceTree = BUILT_PRODUCTS_DIR; };
/* End PBXFileReference section */

/* Begin PBXFrameworksBuildPhase section */
		96EF15331ED8480500FCE739 /* Frameworks */ = {
			isa = PBXFrameworksBuildPhase;
			buildActionMask = 2147483647;
			files = (
				AEC0108DEB0921F85D90CB6D /* Pods_EasyGallery.framework in Frameworks */,
			);
			runOnlyForDeploymentPostprocessing = 0;
		};
		96EF15471ED8480500FCE739 /* Frameworks */ = {
			isa = PBXFrameworksBuildPhase;
			buildActionMask = 2147483647;
			files = (
				68FFECE3381D7B1482F6D8B2 /* Pods_EasyGalleryTests.framework in Frameworks */,
			);
			runOnlyForDeploymentPostprocessing = 0;
		};
		96EF15521ED8480500FCE739 /* Frameworks */ = {
			isa = PBXFrameworksBuildPhase;
			buildActionMask = 2147483647;
			files = (
				E71D3DF575379C10A4A3859B /* Pods_EasyGalleryUITests.framework in Frameworks */,
			);
			runOnlyForDeploymentPostprocessing = 0;
		};
/* End PBXFrameworksBuildPhase section */

/* Begin PBXGroup section */
		2A64D13104F776D872B54D85 /* Pods */ = {
			isa = PBXGroup;
			children = (
				3A7E50173586FA351572C523 /* Pods-EasyGallery.debug.xcconfig */,
				C2D4E4DAE3B882ED15740E91 /* Pods-EasyGallery.release.xcconfig */,
				E0F7849728CDBB8146E55166 /* Pods-EasyGalleryTests.debug.xcconfig */,
				88F1846DC6235D49A85D0657 /* Pods-EasyGalleryTests.release.xcconfig */,
				B40FD6541AC804EF6F0E6735 /* Pods-EasyGalleryUITests.debug.xcconfig */,
				C355E5B973E9D868EEA69F48 /* Pods-EasyGalleryUITests.release.xcconfig */,
			);
			name = Pods;
			sourceTree = "<group>";
		};
		9691C6961EE694E6008792E1 /* View Controllers */ = {
			isa = PBXGroup;
			children = (
				96EF153B1ED8480500FCE739 /* LoginViewController.swift */,
				96EF156A1ED98E5E00FCE739 /* RegisterViewController.swift */,
				96EF156C1ED9909D00FCE739 /* ForgottenPasswordViewController.swift */,
				9691C69A1EE69B51008792E1 /* PaintingsViewController.swift */,
				9618F2BD1EE7285400385B83 /* PaintingCollectionViewCell.swift */,
				9618F2C11EE7E7D000385B83 /* AddPaintingViewController.swift */,
			);
			name = "View Controllers";
			sourceTree = "<group>";
		};
		9691C6991EE695E2008792E1 /* Utilities */ = {
			isa = PBXGroup;
			children = (
				9691C6971EE69594008792E1 /* Preferences.swift */,
				9618F2BF1EE7297E00385B83 /* Extensions.swift */,
			);
			name = Utilities;
			sourceTree = "<group>";
		};
		9691C69E1EE69F72008792E1 /* Models */ = {
			isa = PBXGroup;
			children = (
				9691C69C1EE69F68008792E1 /* Painting.swift */,
			);
			name = Models;
			sourceTree = "<group>";
		};
		96EF152D1ED8480500FCE739 = {
			isa = PBXGroup;
			children = (
				96EF15381ED8480500FCE739 /* EasyGallery */,
				96EF154D1ED8480500FCE739 /* EasyGalleryTests */,
				96EF15581ED8480500FCE739 /* EasyGalleryUITests */,
				96EF15371ED8480500FCE739 /* Products */,
				2A64D13104F776D872B54D85 /* Pods */,
				EDD718F23A01ACA0F92667D7 /* Frameworks */,
			);
			sourceTree = "<group>";
		};
		96EF15371ED8480500FCE739 /* Products */ = {
			isa = PBXGroup;
			children = (
				96EF15361ED8480500FCE739 /* EasyGallery.app */,
				96EF154A1ED8480500FCE739 /* EasyGalleryTests.xctest */,
				96EF15551ED8480500FCE739 /* EasyGalleryUITests.xctest */,
			);
			name = Products;
			sourceTree = "<group>";
		};
		96EF15381ED8480500FCE739 /* EasyGallery */ = {
			isa = PBXGroup;
			children = (
				96EF15391ED8480500FCE739 /* AppDelegate.swift */,
				9691C6961EE694E6008792E1 /* View Controllers */,
				9691C69E1EE69F72008792E1 /* Models */,
				9691C6991EE695E2008792E1 /* Utilities */,
				96EF15671ED8483A00FCE739 /* Supporting Files */,
			);
			path = EasyGallery;
			sourceTree = "<group>";
		};
		96EF154D1ED8480500FCE739 /* EasyGalleryTests */ = {
			isa = PBXGroup;
			children = (
				96EF154E1ED8480500FCE739 /* EasyGalleryTests.swift */,
				96EF15501ED8480500FCE739 /* Info.plist */,
			);
			path = EasyGalleryTests;
			sourceTree = "<group>";
		};
		96EF15581ED8480500FCE739 /* EasyGalleryUITests */ = {
			isa = PBXGroup;
			children = (
				96EF15591ED8480500FCE739 /* EasyGalleryUITests.swift */,
				96EF155B1ED8480500FCE739 /* Info.plist */,
			);
			path = EasyGalleryUITests;
			sourceTree = "<group>";
		};
		96EF15671ED8483A00FCE739 /* Supporting Files */ = {
			isa = PBXGroup;
			children = (
				96EF153D1ED8480500FCE739 /* Main.storyboard */,
				96EF15401ED8480500FCE739 /* Assets.xcassets */,
				96EF15421ED8480500FCE739 /* LaunchScreen.storyboard */,
				96EF15451ED8480500FCE739 /* Info.plist */,
				96EF15681ED988A300FCE739 /* GoogleService-Info.plist */,
			);
			name = "Supporting Files";
			sourceTree = "<group>";
		};
		EDD718F23A01ACA0F92667D7 /* Frameworks */ = {
			isa = PBXGroup;
			children = (
				1E55AA18D3E6637349E8976F /* Pods_EasyGallery.framework */,
				25B3EA0969F2F85B8BA29B61 /* Pods_EasyGalleryTests.framework */,
				F59839C246846FC9945903B4 /* Pods_EasyGalleryUITests.framework */,
			);
			name = Frameworks;
			sourceTree = "<group>";
		};
/* End PBXGroup section */

/* Begin PBXNativeTarget section */
		96EF15351ED8480500FCE739 /* EasyGallery */ = {
			isa = PBXNativeTarget;
			buildConfigurationList = 96EF155E1ED8480500FCE739 /* Build configuration list for PBXNativeTarget "EasyGallery" */;
			buildPhases = (
				5205CC41186A43AD5D5D0025 /* [CP] Check Pods Manifest.lock */,
				96EF15321ED8480500FCE739 /* Sources */,
				96EF15331ED8480500FCE739 /* Frameworks */,
				96EF15341ED8480500FCE739 /* Resources */,
				0B444DB988C3B7BB34E2D6C6 /* [CP] Embed Pods Frameworks */,
				59A772576C82D802201D46AF /* [CP] Copy Pods Resources */,
			);
			buildRules = (
			);
			dependencies = (
			);
			name = EasyGallery;
			productName = EasyGallery;
			productReference = 96EF15361ED8480500FCE739 /* EasyGallery.app */;
			productType = "com.apple.product-type.application";
		};
		96EF15491ED8480500FCE739 /* EasyGalleryTests */ = {
			isa = PBXNativeTarget;
			buildConfigurationList = 96EF15611ED8480500FCE739 /* Build configuration list for PBXNativeTarget "EasyGalleryTests" */;
			buildPhases = (
				F7AA1DC79E2F185B85AA52D0 /* [CP] Check Pods Manifest.lock */,
				96EF15461ED8480500FCE739 /* Sources */,
				96EF15471ED8480500FCE739 /* Frameworks */,
				96EF15481ED8480500FCE739 /* Resources */,
				A59BE7726FB0C8A163C4FDCF /* [CP] Embed Pods Frameworks */,
				428929A332AAAC2EACFF039B /* [CP] Copy Pods Resources */,
			);
			buildRules = (
			);
			dependencies = (
				96EF154C1ED8480500FCE739 /* PBXTargetDependency */,
			);
			name = EasyGalleryTests;
			productName = EasyGalleryTests;
			productReference = 96EF154A1ED8480500FCE739 /* EasyGalleryTests.xctest */;
			productType = "com.apple.product-type.bundle.unit-test";
		};
		96EF15541ED8480500FCE739 /* EasyGalleryUITests */ = {
			isa = PBXNativeTarget;
			buildConfigurationList = 96EF15641ED8480500FCE739 /* Build configuration list for PBXNativeTarget "EasyGalleryUITests" */;
			buildPhases = (
				6AE8E429B359319EA7E5F207 /* [CP] Check Pods Manifest.lock */,
				96EF15511ED8480500FCE739 /* Sources */,
				96EF15521ED8480500FCE739 /* Frameworks */,
				96EF15531ED8480500FCE739 /* Resources */,
				EBAE6112A730FE92776676AC /* [CP] Embed Pods Frameworks */,
				5D64B1F3610EEC6D3059A483 /* [CP] Copy Pods Resources */,
			);
			buildRules = (
			);
			dependencies = (
				96EF15571ED8480500FCE739 /* PBXTargetDependency */,
			);
			name = EasyGalleryUITests;
			productName = EasyGalleryUITests;
			productReference = 96EF15551ED8480500FCE739 /* EasyGalleryUITests.xctest */;
			productType = "com.apple.product-type.bundle.ui-testing";
		};
/* End PBXNativeTarget section */

/* Begin PBXProject section */
		96EF152E1ED8480500FCE739 /* Project object */ = {
			isa = PBXProject;
			attributes = {
				LastSwiftUpdateCheck = 0830;
				LastUpgradeCheck = 0830;
				ORGANIZATIONNAME = "Veronika Hristozova";
				TargetAttributes = {
					96EF15351ED8480500FCE739 = {
						CreatedOnToolsVersion = 8.3.2;
						DevelopmentTeam = 46CT5D4L8X;
						ProvisioningStyle = Automatic;
					};
					96EF15491ED8480500FCE739 = {
						CreatedOnToolsVersion = 8.3.2;
						DevelopmentTeam = 46CT5D4L8X;
						ProvisioningStyle = Automatic;
						TestTargetID = 96EF15351ED8480500FCE739;
					};
					96EF15541ED8480500FCE739 = {
						CreatedOnToolsVersion = 8.3.2;
						DevelopmentTeam = 46CT5D4L8X;
						ProvisioningStyle = Automatic;
						TestTargetID = 96EF15351ED8480500FCE739;
					};
				};
			};
			buildConfigurationList = 96EF15311ED8480500FCE739 /* Build configuration list for PBXProject "EasyGallery" */;
			compatibilityVersion = "Xcode 3.2";
			developmentRegion = English;
			hasScannedForEncodings = 0;
			knownRegions = (
				en,
				Base,
			);
			mainGroup = 96EF152D1ED8480500FCE739;
			productRefGroup = 96EF15371ED8480500FCE739 /* Products */;
			projectDirPath = "";
			projectRoot = "";
			targets = (
				96EF15351ED8480500FCE739 /* EasyGallery */,
				96EF15491ED8480500FCE739 /* EasyGalleryTests */,
				96EF15541ED8480500FCE739 /* EasyGalleryUITests */,
			);
		};
/* End PBXProject section */

/* Begin PBXResourcesBuildPhase section */
		96EF15341ED8480500FCE739 /* Resources */ = {
			isa = PBXResourcesBuildPhase;
			buildActionMask = 2147483647;
			files = (
				96EF15441ED8480500FCE739 /* LaunchScreen.storyboard in Resources */,
				96EF15691ED988A300FCE739 /* GoogleService-Info.plist in Resources */,
				96EF15411ED8480500FCE739 /* Assets.xcassets in Resources */,
				96EF153F1ED8480500FCE739 /* Main.storyboard in Resources */,
			);
			runOnlyForDeploymentPostprocessing = 0;
		};
		96EF15481ED8480500FCE739 /* Resources */ = {
			isa = PBXResourcesBuildPhase;
			buildActionMask = 2147483647;
			files = (
			);
			runOnlyForDeploymentPostprocessing = 0;
		};
		96EF15531ED8480500FCE739 /* Resources */ = {
			isa = PBXResourcesBuildPhase;
			buildActionMask = 2147483647;
			files = (
			);
			runOnlyForDeploymentPostprocessing = 0;
		};
/* End PBXResourcesBuildPhase section */

/* Begin PBXShellScriptBuildPhase section */
		0B444DB988C3B7BB34E2D6C6 /* [CP] Embed Pods Frameworks */ = {
			isa = PBXShellScriptBuildPhase;
			buildActionMask = 2147483647;
			files = (
			);
			inputPaths = (
			);
			name = "[CP] Embed Pods Frameworks";
			outputPaths = (
			);
			runOnlyForDeploymentPostprocessing = 0;
			shellPath = /bin/sh;
			shellScript = "\"${SRCROOT}/Pods/Target Support Files/Pods-EasyGallery/Pods-EasyGallery-frameworks.sh\"\n";
			showEnvVarsInLog = 0;
		};
		428929A332AAAC2EACFF039B /* [CP] Copy Pods Resources */ = {
			isa = PBXShellScriptBuildPhase;
			buildActionMask = 2147483647;
			files = (
			);
			inputPaths = (
			);
			name = "[CP] Copy Pods Resources";
			outputPaths = (
			);
			runOnlyForDeploymentPostprocessing = 0;
			shellPath = /bin/sh;
			shellScript = "\"${SRCROOT}/Pods/Target Support Files/Pods-EasyGalleryTests/Pods-EasyGalleryTests-resources.sh\"\n";
			showEnvVarsInLog = 0;
		};
		5205CC41186A43AD5D5D0025 /* [CP] Check Pods Manifest.lock */ = {
			isa = PBXShellScriptBuildPhase;
			buildActionMask = 2147483647;
			files = (
			);
			inputPaths = (
			);
			name = "[CP] Check Pods Manifest.lock";
			outputPaths = (
			);
			runOnlyForDeploymentPostprocessing = 0;
			shellPath = /bin/sh;
			shellScript = "diff \"${PODS_PODFILE_DIR_PATH}/Podfile.lock\" \"${PODS_ROOT}/Manifest.lock\" > /dev/null\nif [ $? != 0 ] ; then\n    # print error to STDERR\n    echo \"error: The sandbox is not in sync with the Podfile.lock. Run 'pod install' or update your CocoaPods installation.\" >&2\n    exit 1\nfi\n";
			showEnvVarsInLog = 0;
		};
		59A772576C82D802201D46AF /* [CP] Copy Pods Resources */ = {
			isa = PBXShellScriptBuildPhase;
			buildActionMask = 2147483647;
			files = (
			);
			inputPaths = (
			);
			name = "[CP] Copy Pods Resources";
			outputPaths = (
			);
			runOnlyForDeploymentPostprocessing = 0;
			shellPath = /bin/sh;
			shellScript = "\"${SRCROOT}/Pods/Target Support Files/Pods-EasyGallery/Pods-EasyGallery-resources.sh\"\n";
			showEnvVarsInLog = 0;
		};
		5D64B1F3610EEC6D3059A483 /* [CP] Copy Pods Resources */ = {
			isa = PBXShellScriptBuildPhase;
			buildActionMask = 2147483647;
			files = (
			);
			inputPaths = (
			);
			name = "[CP] Copy Pods Resources";
			outputPaths = (
			);
			runOnlyForDeploymentPostprocessing = 0;
			shellPath = /bin/sh;
			shellScript = "\"${SRCROOT}/Pods/Target Support Files/Pods-EasyGalleryUITests/Pods-EasyGalleryUITests-resources.sh\"\n";
			showEnvVarsInLog = 0;
		};
		6AE8E429B359319EA7E5F207 /* [CP] Check Pods Manifest.lock */ = {
			isa = PBXShellScriptBuildPhase;
			buildActionMask = 2147483647;
			files = (
			);
			inputPaths = (
			);
			name = "[CP] Check Pods Manifest.lock";
			outputPaths = (
			);
			runOnlyForDeploymentPostprocessing = 0;
			shellPath = /bin/sh;
			shellScript = "diff \"${PODS_PODFILE_DIR_PATH}/Podfile.lock\" \"${PODS_ROOT}/Manifest.lock\" > /dev/null\nif [ $? != 0 ] ; then\n    # print error to STDERR\n    echo \"error: The sandbox is not in sync with the Podfile.lock. Run 'pod install' or update your CocoaPods installation.\" >&2\n    exit 1\nfi\n";
			showEnvVarsInLog = 0;
		};
		A59BE7726FB0C8A163C4FDCF /* [CP] Embed Pods Frameworks */ = {
			isa = PBXShellScriptBuildPhase;
			buildActionMask = 2147483647;
			files = (
			);
			inputPaths = (
			);
			name = "[CP] Embed Pods Frameworks";
			outputPaths = (
			);
			runOnlyForDeploymentPostprocessing = 0;
			shellPath = /bin/sh;
			shellScript = "\"${SRCROOT}/Pods/Target Support Files/Pods-EasyGalleryTests/Pods-EasyGalleryTests-frameworks.sh\"\n";
			showEnvVarsInLog = 0;
		};
		EBAE6112A730FE92776676AC /* [CP] Embed Pods Frameworks */ = {
			isa = PBXShellScriptBuildPhase;
			buildActionMask = 2147483647;
			files = (
			);
			inputPaths = (
			);
			name = "[CP] Embed Pods Frameworks";
			outputPaths = (
			);
			runOnlyForDeploymentPostprocessing = 0;
			shellPath = /bin/sh;
			shellScript = "\"${SRCROOT}/Pods/Target Support Files/Pods-EasyGalleryUITests/Pods-EasyGalleryUITests-frameworks.sh\"\n";
			showEnvVarsInLog = 0;
		};
		F7AA1DC79E2F185B85AA52D0 /* [CP] Check Pods Manifest.lock */ = {
			isa = PBXShellScriptBuildPhase;
			buildActionMask = 2147483647;
			files = (
			);
			inputPaths = (
			);
			name = "[CP] Check Pods Manifest.lock";
			outputPaths = (
			);
			runOnlyForDeploymentPostprocessing = 0;
			shellPath = /bin/sh;
			shellScript = "diff \"${PODS_PODFILE_DIR_PATH}/Podfile.lock\" \"${PODS_ROOT}/Manifest.lock\" > /dev/null\nif [ $? != 0 ] ; then\n    # print error to STDERR\n    echo \"error: The sandbox is not in sync with the Podfile.lock. Run 'pod install' or update your CocoaPods installation.\" >&2\n    exit 1\nfi\n";
			showEnvVarsInLog = 0;
		};
/* End PBXShellScriptBuildPhase section */

/* Begin PBXSourcesBuildPhase section */
		96EF15321ED8480500FCE739 /* Sources */ = {
			isa = PBXSourcesBuildPhase;
			buildActionMask = 2147483647;
			files = (
				9618F2BE1EE7285400385B83 /* PaintingCollectionViewCell.swift in Sources */,
				9618F2C01EE7297E00385B83 /* Extensions.swift in Sources */,
				96EF156B1ED98E5E00FCE739 /* RegisterViewController.swift in Sources */,
				96EF153C1ED8480500FCE739 /* LoginViewController.swift in Sources */,
				9691C69B1EE69B51008792E1 /* PaintingsViewController.swift in Sources */,
				9691C69D1EE69F68008792E1 /* Painting.swift in Sources */,
				9691C6981EE69594008792E1 /* Preferences.swift in Sources */,
				96EF156D1ED9909D00FCE739 /* ForgottenPasswordViewController.swift in Sources */,
				9618F2C21EE7E7D000385B83 /* AddPaintingViewController.swift in Sources */,
				96EF153A1ED8480500FCE739 /* AppDelegate.swift in Sources */,
			);
			runOnlyForDeploymentPostprocessing = 0;
		};
		96EF15461ED8480500FCE739 /* Sources */ = {
			isa = PBXSourcesBuildPhase;
			buildActionMask = 2147483647;
			files = (
				96EF154F1ED8480500FCE739 /* EasyGalleryTests.swift in Sources */,
			);
			runOnlyForDeploymentPostprocessing = 0;
		};
		96EF15511ED8480500FCE739 /* Sources */ = {
			isa = PBXSourcesBuildPhase;
			buildActionMask = 2147483647;
			files = (
				96EF155A1ED8480500FCE739 /* EasyGalleryUITests.swift in Sources */,
			);
			runOnlyForDeploymentPostprocessing = 0;
		};
/* End PBXSourcesBuildPhase section */

/* Begin PBXTargetDependency section */
		96EF154C1ED8480500FCE739 /* PBXTargetDependency */ = {
			isa = PBXTargetDependency;
			target = 96EF15351ED8480500FCE739 /* EasyGallery */;
			targetProxy = 96EF154B1ED8480500FCE739 /* PBXContainerItemProxy */;
		};
		96EF15571ED8480500FCE739 /* PBXTargetDependency */ = {
			isa = PBXTargetDependency;
			target = 96EF15351ED8480500FCE739 /* EasyGallery */;
			targetProxy = 96EF15561ED8480500FCE739 /* PBXContainerItemProxy */;
		};
/* End PBXTargetDependency section */

/* Begin PBXVariantGroup section */
		96EF153D1ED8480500FCE739 /* Main.storyboard */ = {
			isa = PBXVariantGroup;
			children = (
				96EF153E1ED8480500FCE739 /* Base */,
			);
			name = Main.storyboard;
			sourceTree = "<group>";
		};
		96EF15421ED8480500FCE739 /* LaunchScreen.storyboard */ = {
			isa = PBXVariantGroup;
			children = (
				96EF15431ED8480500FCE739 /* Base */,
			);
			name = LaunchScreen.storyboard;
			sourceTree = "<group>";
		};
/* End PBXVariantGroup section */

/* Begin XCBuildConfiguration section */
		96EF155C1ED8480500FCE739 /* Debug */ = {
			isa = XCBuildConfiguration;
			buildSettings = {
				ALWAYS_SEARCH_USER_PATHS = NO;
				CLANG_ANALYZER_NONNULL = YES;
				CLANG_ANALYZER_NUMBER_OBJECT_CONVERSION = YES_AGGRESSIVE;
				CLANG_CXX_LANGUAGE_STANDARD = "gnu++0x";
				CLANG_CXX_LIBRARY = "libc++";
				CLANG_ENABLE_MODULES = YES;
				CLANG_ENABLE_OBJC_ARC = YES;
				CLANG_WARN_BOOL_CONVERSION = YES;
				CLANG_WARN_CONSTANT_CONVERSION = YES;
				CLANG_WARN_DIRECT_OBJC_ISA_USAGE = YES_ERROR;
				CLANG_WARN_DOCUMENTATION_COMMENTS = YES;
				CLANG_WARN_EMPTY_BODY = YES;
				CLANG_WARN_ENUM_CONVERSION = YES;
				CLANG_WARN_INFINITE_RECURSION = YES;
				CLANG_WARN_INT_CONVERSION = YES;
				CLANG_WARN_OBJC_ROOT_CLASS = YES_ERROR;
				CLANG_WARN_SUSPICIOUS_MOVE = YES;
				CLANG_WARN_UNREACHABLE_CODE = YES;
				CLANG_WARN__DUPLICATE_METHOD_MATCH = YES;
				"CODE_SIGN_IDENTITY[sdk=iphoneos*]" = "iPhone Developer";
				COPY_PHASE_STRIP = NO;
				DEBUG_INFORMATION_FORMAT = dwarf;
				ENABLE_STRICT_OBJC_MSGSEND = YES;
				ENABLE_TESTABILITY = YES;
				GCC_C_LANGUAGE_STANDARD = gnu99;
				GCC_DYNAMIC_NO_PIC = NO;
				GCC_NO_COMMON_BLOCKS = YES;
				GCC_OPTIMIZATION_LEVEL = 0;
				GCC_PREPROCESSOR_DEFINITIONS = (
					"DEBUG=1",
					"$(inherited)",
				);
				GCC_WARN_64_TO_32_BIT_CONVERSION = YES;
				GCC_WARN_ABOUT_RETURN_TYPE = YES_ERROR;
				GCC_WARN_UNDECLARED_SELECTOR = YES;
				GCC_WARN_UNINITIALIZED_AUTOS = YES_AGGRESSIVE;
				GCC_WARN_UNUSED_FUNCTION = YES;
				GCC_WARN_UNUSED_VARIABLE = YES;
				IPHONEOS_DEPLOYMENT_TARGET = 10.3;
				MTL_ENABLE_DEBUG_INFO = YES;
				ONLY_ACTIVE_ARCH = YES;
				SDKROOT = iphoneos;
				SWIFT_ACTIVE_COMPILATION_CONDITIONS = DEBUG;
				SWIFT_OPTIMIZATION_LEVEL = "-Onone";
				TARGETED_DEVICE_FAMILY = "1,2";
			};
			name = Debug;
		};
		96EF155D1ED8480500FCE739 /* Release */ = {
			isa = XCBuildConfiguration;
			buildSettings = {
				ALWAYS_SEARCH_USER_PATHS = NO;
				CLANG_ANALYZER_NONNULL = YES;
				CLANG_ANALYZER_NUMBER_OBJECT_CONVERSION = YES_AGGRESSIVE;
				CLANG_CXX_LANGUAGE_STANDARD = "gnu++0x";
				CLANG_CXX_LIBRARY = "libc++";
				CLANG_ENABLE_MODULES = YES;
				CLANG_ENABLE_OBJC_ARC = YES;
				CLANG_WARN_BOOL_CONVERSION = YES;
				CLANG_WARN_CONSTANT_CONVERSION = YES;
				CLANG_WARN_DIRECT_OBJC_ISA_USAGE = YES_ERROR;
				CLANG_WARN_DOCUMENTATION_COMMENTS = YES;
				CLANG_WARN_EMPTY_BODY = YES;
				CLANG_WARN_ENUM_CONVERSION = YES;
				CLANG_WARN_INFINITE_RECURSION = YES;
				CLANG_WARN_INT_CONVERSION = YES;
				CLANG_WARN_OBJC_ROOT_CLASS = YES_ERROR;
				CLANG_WARN_SUSPICIOUS_MOVE = YES;
				CLANG_WARN_UNREACHABLE_CODE = YES;
				CLANG_WARN__DUPLICATE_METHOD_MATCH = YES;
				"CODE_SIGN_IDENTITY[sdk=iphoneos*]" = "iPhone Developer";
				COPY_PHASE_STRIP = NO;
				DEBUG_INFORMATION_FORMAT = "dwarf-with-dsym";
				ENABLE_NS_ASSERTIONS = NO;
				ENABLE_STRICT_OBJC_MSGSEND = YES;
				GCC_C_LANGUAGE_STANDARD = gnu99;
				GCC_NO_COMMON_BLOCKS = YES;
				GCC_WARN_64_TO_32_BIT_CONVERSION = YES;
				GCC_WARN_ABOUT_RETURN_TYPE = YES_ERROR;
				GCC_WARN_UNDECLARED_SELECTOR = YES;
				GCC_WARN_UNINITIALIZED_AUTOS = YES_AGGRESSIVE;
				GCC_WARN_UNUSED_FUNCTION = YES;
				GCC_WARN_UNUSED_VARIABLE = YES;
				IPHONEOS_DEPLOYMENT_TARGET = 10.3;
				MTL_ENABLE_DEBUG_INFO = NO;
				SDKROOT = iphoneos;
				SWIFT_OPTIMIZATION_LEVEL = "-Owholemodule";
				TARGETED_DEVICE_FAMILY = "1,2";
				VALIDATE_PRODUCT = YES;
			};
			name = Release;
		};
		96EF155F1ED8480500FCE739 /* Debug */ = {
			isa = XCBuildConfiguration;
			baseConfigurationReference = 3A7E50173586FA351572C523 /* Pods-EasyGallery.debug.xcconfig */;
			buildSettings = {
				ASSETCATALOG_COMPILER_APPICON_NAME = AppIcon;
				DEVELOPMENT_TEAM = 46CT5D4L8X;
				INFOPLIST_FILE = EasyGallery/Info.plist;
				LD_RUNPATH_SEARCH_PATHS = "$(inherited) @executable_path/Frameworks";
				PRODUCT_BUNDLE_IDENTIFIER = vh.EasyGallery;
				PRODUCT_NAME = "$(TARGET_NAME)";
				SWIFT_VERSION = 3.0;
			};
			name = Debug;
		};
		96EF15601ED8480500FCE739 /* Release */ = {
			isa = XCBuildConfiguration;
			baseConfigurationReference = C2D4E4DAE3B882ED15740E91 /* Pods-EasyGallery.release.xcconfig */;
			buildSettings = {
				ASSETCATALOG_COMPILER_APPICON_NAME = AppIcon;
				DEVELOPMENT_TEAM = 46CT5D4L8X;
				INFOPLIST_FILE = EasyGallery/Info.plist;
				LD_RUNPATH_SEARCH_PATHS = "$(inherited) @executable_path/Frameworks";
				PRODUCT_BUNDLE_IDENTIFIER = vh.EasyGallery;
				PRODUCT_NAME = "$(TARGET_NAME)";
				SWIFT_VERSION = 3.0;
			};
			name = Release;
		};
		96EF15621ED8480500FCE739 /* Debug */ = {
			isa = XCBuildConfiguration;
			baseConfigurationReference = E0F7849728CDBB8146E55166 /* Pods-EasyGalleryTests.debug.xcconfig */;
			buildSettings = {
				ALWAYS_EMBED_SWIFT_STANDARD_LIBRARIES = YES;
				BUNDLE_LOADER = "$(TEST_HOST)";
				DEVELOPMENT_TEAM = 46CT5D4L8X;
				INFOPLIST_FILE = EasyGalleryTests/Info.plist;
				LD_RUNPATH_SEARCH_PATHS = "$(inherited) @executable_path/Frameworks @loader_path/Frameworks";
				PRODUCT_BUNDLE_IDENTIFIER = vh.EasyGalleryTests;
				PRODUCT_NAME = "$(TARGET_NAME)";
				SWIFT_VERSION = 3.0;
				TEST_HOST = "$(BUILT_PRODUCTS_DIR)/EasyGallery.app/EasyGallery";
			};
			name = Debug;
		};
		96EF15631ED8480500FCE739 /* Release */ = {
			isa = XCBuildConfiguration;
			baseConfigurationReference = 88F1846DC6235D49A85D0657 /* Pods-EasyGalleryTests.release.xcconfig */;
			buildSettings = {
				ALWAYS_EMBED_SWIFT_STANDARD_LIBRARIES = YES;
				BUNDLE_LOADER = "$(TEST_HOST)";
				DEVELOPMENT_TEAM = 46CT5D4L8X;
				INFOPLIST_FILE = EasyGalleryTests/Info.plist;
				LD_RUNPATH_SEARCH_PATHS = "$(inherited) @executable_path/Frameworks @loader_path/Frameworks";
				PRODUCT_BUNDLE_IDENTIFIER = vh.EasyGalleryTests;
				PRODUCT_NAME = "$(TARGET_NAME)";
				SWIFT_VERSION = 3.0;
				TEST_HOST = "$(BUILT_PRODUCTS_DIR)/EasyGallery.app/EasyGallery";
			};
			name = Release;
		};
		96EF15651ED8480500FCE739 /* Debug */ = {
			isa = XCBuildConfiguration;
			baseConfigurationReference = B40FD6541AC804EF6F0E6735 /* Pods-EasyGalleryUITests.debug.xcconfig */;
			buildSettings = {
				ALWAYS_EMBED_SWIFT_STANDARD_LIBRARIES = YES;
				DEVELOPMENT_TEAM = 46CT5D4L8X;
				INFOPLIST_FILE = EasyGalleryUITests/Info.plist;
				LD_RUNPATH_SEARCH_PATHS = "$(inherited) @executable_path/Frameworks @loader_path/Frameworks";
				PRODUCT_BUNDLE_IDENTIFIER = vh.EasyGalleryUITests;
				PRODUCT_NAME = "$(TARGET_NAME)";
				SWIFT_VERSION = 3.0;
				TEST_TARGET_NAME = EasyGallery;
			};
			name = Debug;
		};
		96EF15661ED8480500FCE739 /* Release */ = {
			isa = XCBuildConfiguration;
			baseConfigurationReference = C355E5B973E9D868EEA69F48 /* Pods-EasyGalleryUITests.release.xcconfig */;
			buildSettings = {
				ALWAYS_EMBED_SWIFT_STANDARD_LIBRARIES = YES;
				DEVELOPMENT_TEAM = 46CT5D4L8X;
				INFOPLIST_FILE = EasyGalleryUITests/Info.plist;
				LD_RUNPATH_SEARCH_PATHS = "$(inherited) @executable_path/Frameworks @loader_path/Frameworks";
				PRODUCT_BUNDLE_IDENTIFIER = vh.EasyGalleryUITests;
				PRODUCT_NAME = "$(TARGET_NAME)";
				SWIFT_VERSION = 3.0;
				TEST_TARGET_NAME = EasyGallery;
			};
			name = Release;
		};
/* End XCBuildConfiguration section */

/* Begin XCConfigurationList section */
		96EF15311ED8480500FCE739 /* Build configuration list for PBXProject "EasyGallery" */ = {
			isa = XCConfigurationList;
			buildConfigurations = (
				96EF155C1ED8480500FCE739 /* Debug */,
				96EF155D1ED8480500FCE739 /* Release */,
			);
			defaultConfigurationIsVisible = 0;
			defaultConfigurationName = Release;
		};
		96EF155E1ED8480500FCE739 /* Build configuration list for PBXNativeTarget "EasyGallery" */ = {
			isa = XCConfigurationList;
			buildConfigurations = (
				96EF155F1ED8480500FCE739 /* Debug */,
				96EF15601ED8480500FCE739 /* Release */,
			);
			defaultConfigurationIsVisible = 0;
			defaultConfigurationName = Release;
		};
		96EF15611ED8480500FCE739 /* Build configuration list for PBXNativeTarget "EasyGalleryTests" */ = {
			isa = XCConfigurationList;
			buildConfigurations = (
				96EF15621ED8480500FCE739 /* Debug */,
				96EF15631ED8480500FCE739 /* Release */,
			);
			defaultConfigurationIsVisible = 0;
			defaultConfigurationName = Release;
		};
		96EF15641ED8480500FCE739 /* Build configuration list for PBXNativeTarget "EasyGalleryUITests" */ = {
			isa = XCConfigurationList;
			buildConfigurations = (
				96EF15651ED8480500FCE739 /* Debug */,
				96EF15661ED8480500FCE739 /* Release */,
			);
			defaultConfigurationIsVisible = 0;
			defaultConfigurationName = Release;
		};
/* End XCConfigurationList section */
	};
	rootObject = 96EF152E1ED8480500FCE739 /* Project object */;
}
